Microsoft Visual Studio Solution File, Format Version 9.00
# Visual Studio 2005
Project("{8BC9CEB8-8B4A-11D0-8D11-00A0C91BC942}") = "LlamaXML", "LlamaXML.vcproj", "{596FCAFF-FA06-4751-A3D9-63A8A688C731}"
EndProject
Project("{8BC9CEB8-8B4A-11D0-8D11-00A0C91BC942}") = "TestLlamaXML", "TestLlamaXML\TestLlamaXML.vcproj", "{C6FF7A54-1799-45E0-9FED-27865E61BC96}"
	ProjectSection(ProjectDependencies) = postProject
		{596FCAFF-FA06-4751-A3D9-63A8A688C731} = {596FCAFF-FA06-4751-A3D9-63A8A688C731}
	EndProjectSection
EndProject
Global
	GlobalSection(SolutionConfigurationPlatforms) = preSolution
		Debug|Win32 = Debug|Win32
		Release|Win32 = Release|Win32
	EndGlobalSection
	GlobalSection(ProjectConfigurationPlatforms) = postSolution
		{596FCAFF-FA06-4751-A3D9-63A8A688C731}.Debug|Win32.ActiveCfg = Debug|Win32
		{596FCAFF-FA06-4751-A3D9-63A8A688C731}.Debug|Win32.Build.0 = Debug|Win32
		{596FCAFF-FA06-4751-A3D9-63A8A688C731}.Release|Win32.ActiveCfg = Release|Win32
		{596FCAFF-FA06-4751-A3D9-63A8A688C731}.Release|Win32.Build.0 = Release|Win32
		{C6FF7A54-1799-45E0-9FED-27865E61BC96}.Debug|Win32.ActiveCfg = Debug|Win32
		{C6FF7A54-1799-45E0-9FED-27865E61BC96}.Debug|Win32.Build.0 = Debug|Win32
		{C6FF7A54-1799-45E0-9FED-27865E61BC96}.Release|Win32.ActiveCfg = Release|Win32
		{C6FF7A54-1799-45E0-9FED-27865E61BC96}.Release|Win32.Build.0 = Release|Win32
	EndGlobalSection
	GlobalSection(SolutionProperties) = preSolution
		HideSolutionNode = FALSE
	EndGlobalSection
EndGlobal
